<Solution>
  <Configurations>
    <Platform Name="x64" />
    <Platform Name="x86" />
  </Configurations>
  <Project Path="01/01.vcxproj" Id="1d752529-083e-4fc3-9315-bf01a0c71801" />
  <Project Path="02/02.vcxproj" Id="37372fa5-6ba4-4ab3-bfab-b5ced7e1b5ea" />
  <Project Path="03/03.vcxproj" Id="564096d1-4ce7-4673-8d50-ff9040ea1cbe" />
  <Project Path="04/04.vcxproj" Id="21747e4a-b908-404c-bc93-659861f054a0" />
  <Project Path="05/05.vcxproj" Id="5f15971c-00c4-4310-a9f9-5ce3e09853e9" />
  <Project Path="06/06.vcxproj" Id="6ea9e018-ddc3-442f-b302-eaf8b6beca65" />
  <Project Path="07/07.vcxproj" Id="1ac082e0-6a64-435b-b088-5460bb1661ab" />
  <Project Path="08/08.vcxproj" Id="855822d9-dce5-4d57-b556-320df9b66c0b" />
  <Project Path="09/09.vcxproj" Id="d07a9729-575f-46eb-a739-f8bd5bc61069" />
  <Project Path="10/10.vcxproj" Id="1c00601c-ca5d-413f-a508-292869fa5772" />
  <Project Path="11/11.vcxproj" Id="b04f3888-7f07-40a5-95b0-7b6ffdd44ac8" />
  <Project Path="12/12.vcxproj" Id="4a0d0b97-b8e6-4bd1-b874-ac0ffca0bbf5" />
  <Project Path="13/13.vcxproj" Id="66642021-cbab-4ed3-a317-28e37aee4cb9" />
  <Project Path="14/14.vcxproj" Id="6e695ec8-c9ff-4ef4-8e1c-8335b5998ff3" />
  <Project Path="15/15.vcxproj" Id="6205bcff-b316-49ab-b030-0f19a2815714" />
  <Project Path="16/16.vcxproj" Id="767498ce-fc00-4e14-ad6c-053b4e579f9a" />
  <Project Path="17/17.vcxproj" Id="3d608849-412c-47fb-a77f-645d65f3b334" />
  <Project Path="18/18.vcxproj" Id="2fbce736-6cf0-4fe8-85b7-9b515ad6a5a3" />
  <Project Path="19/19.vcxproj" Id="28c4f09f-1a4d-48f9-a05d-2037f9ee791a" />
  <Project Path="20/20.vcxproj" Id="33522d71-f61c-4271-8922-4ca89fdd981b" />
  <Project Path="21/21.vcxproj" Id="799f21ff-39b4-453a-b160-6a0cc92cf906" />
  <Project Path="22/22.vcxproj" Id="70f57aa3-346f-472c-a2e4-b6b6f400c0fe" />
  <Project Path="23/23.vcxproj" Id="0561dd81-d6c4-4a54-b629-a5858a1a9565" />
  <Project Path="24/24.vcxproj" Id="0e7e436e-bbdb-4fec-a805-43e01e66a56e" />
  <Project Path="25/25.vcxproj" Id="fb9d8828-4e22-4327-b74b-65bd53481b12" />
</Solution>
